// !$*UTF8*$!
{
	archiveVersion = 1;
	classes = {
	};
	objectVersion = 46;
	objects = {

/* Begin PBXBuildFile section */
		CC139B4E19DA021800DEDDB1 /* main.m in Sources */ = {isa = PBXBuildFile; fileRef = CC139B4D19DA021800DEDDB1 /* main.m */; };
		CC139B5119DA021800DEDDB1 /* AppDelegate.m in Sources */ = {isa = PBXBuildFile; fileRef = CC139B5019DA021800DEDDB1 /* AppDelegate.m */; };
		CC139B5419DA021800DEDDB1 /* ViewController.m in Sources */ = {isa = PBXBuildFile; fileRef = CC139B5319DA021800DEDDB1 /* ViewController.m */; };
		CC139B5719DA021800DEDDB1 /* Main.storyboard in Resources */ = {isa = PBXBuildFile; fileRef = CC139B5519DA021800DEDDB1 /* Main.storyboard */; };
		CC139B5919DA021800DEDDB1 /* Images.xcassets in Resources */ = {isa = PBXBuildFile; fileRef = CC139B5819DA021800DEDDB1 /* Images.xcassets */; };
		CC139B5C19DA021800DEDDB1 /* LaunchScreen.xib in Resources */ = {isa = PBXBuildFile; fileRef = CC139B5A19DA021800DEDDB1 /* LaunchScreen.xib */; };
		CC139B6819DA021800DEDDB1 /* MultiplyTests.m in Sources */ = {isa = PBXBuildFile; fileRef = CC139B6719DA021800DEDDB1 /* MultiplyTests.m */; };
		CC139B7419DA057400DEDDB1 /* CheckMate.framework in Frameworks */ = {isa = PBXBuildFile; fileRef = CC139B7319DA057400DEDDB1 /* CheckMate.framework */; };
/* End PBXBuildFile section */

/* Begin PBXContainerItemProxy section */
		CC139B6219DA021800DEDDB1 /* PBXContainerItemProxy */ = {
			isa = PBXContainerItemProxy;
			containerPortal = CC139B4019DA021800DEDDB1 /* Project object */;
			proxyType = 1;
			remoteGlobalIDString = CC139B4719DA021800DEDDB1;
			remoteInfo = Multiply;
		};
/* End PBXContainerItemProxy section */

/* Begin PBXFileReference section */
		CC139B4819DA021800DEDDB1 /* Multiply.app */ = {isa = PBXFileReference; explicitFileType = wrapper.application; includeInIndex = 0; path = Multiply.app; sourceTree = BUILT_PRODUCTS_DIR; };
		CC139B4C19DA021800DEDDB1 /* Info.plist */ = {isa = PBXFileReference; lastKnownFileType = text.plist.xml; path = Info.plist; sourceTree = "<group>"; };
		CC139B4D19DA021800DEDDB1 /* main.m */ = {isa = PBXFileReference; lastKnownFileType = sourcecode.c.objc; path = main.m; sourceTree = "<group>"; };
		CC139B4F19DA021800DEDDB1 /* AppDelegate.h */ = {isa = PBXFileReference; lastKnownFileType = sourcecode.c.h; path = AppDelegate.h; sourceTree = "<group>"; };
		CC139B5019DA021800DEDDB1 /* AppDelegate.m */ = {isa = PBXFileReference; lastKnownFileType = sourcecode.c.objc; path = AppDelegate.m; sourceTree = "<group>"; };
		CC139B5219DA021800DEDDB1 /* ViewController.h */ = {isa = PBXFileReference; lastKnownFileType = sourcecode.c.h; path = ViewController.h; sourceTree = "<group>"; };
		CC139B5319DA021800DEDDB1 /* ViewController.m */ = {isa = PBXFileReference; lastKnownFileType = sourcecode.c.objc; path = ViewController.m; sourceTree = "<group>"; };
		CC139B5619DA021800DEDDB1 /* Base */ = {isa = PBXFileReference; lastKnownFileType = file.storyboard; name = Base; path = Base.lproj/Main.storyboard; sourceTree = "<group>"; };
		CC139B5819DA021800DEDDB1 /* Images.xcassets */ = {isa = PBXFileReference; lastKnownFileType = folder.assetcatalog; path = Images.xcassets; sourceTree = "<group>"; };
		CC139B5B19DA021800DEDDB1 /* Base */ = {isa = PBXFileReference; lastKnownFileType = file.xib; name = Base; path = Base.lproj/LaunchScreen.xib; sourceTree = "<group>"; };
		CC139B6119DA021800DEDDB1 /* MultiplyTests.xctest */ = {isa = PBXFileReference; explicitFileType = wrapper.cfbundle; includeInIndex = 0; path = MultiplyTests.xctest; sourceTree = BUILT_PRODUCTS_DIR; };
		CC139B6619DA021800DEDDB1 /* Info.plist */ = {isa = PBXFileReference; lastKnownFileType = text.plist.xml; path = Info.plist; sourceTree = "<group>"; };
		CC139B6719DA021800DEDDB1 /* MultiplyTests.m */ = {isa = PBXFileReference; lastKnownFileType = sourcecode.c.objc; path = MultiplyTests.m; sourceTree = "<group>"; };
		CC139B7319DA057400DEDDB1 /* CheckMate.framework */ = {isa = PBXFileReference; lastKnownFileType = wrapper.framework; path = CheckMate.framework; sourceTree = "<group>"; };
/* End PBXFileReference section */

/* Begin PBXFrameworksBuildPhase section */
		CC139B4519DA021800DEDDB1 /* Frameworks */ = {
			isa = PBXFrameworksBuildPhase;
			buildActionMask = 2147483647;
			files = (
				CC139B7419DA057400DEDDB1 /* CheckMate.framework in Frameworks */,
			);
			runOnlyForDeploymentPostprocessing = 0;
		};
		CC139B5E19DA021800DEDDB1 /* Frameworks */ = {
			isa = PBXFrameworksBuildPhase;
			buildActionMask = 2147483647;
			files = (
			);
			runOnlyForDeploymentPostprocessing = 0;
		};
/* End PBXFrameworksBuildPhase section */

/* Begin PBXGroup section */
		CC139B3F19DA021800DEDDB1 = {
			isa = PBXGroup;
			children = (
				CC139B4A19DA021800DEDDB1 /* Multiply */,
				CC139B6419DA021800DEDDB1 /* MultiplyTests */,
				CC139B4919DA021800DEDDB1 /* Products */,
			);
			sourceTree = "<group>";
		};
		CC139B4919DA021800DEDDB1 /* Products */ = {
			isa = PBXGroup;
			children = (
				CC139B4819DA021800DEDDB1 /* Multiply.app */,
				CC139B6119DA021800DEDDB1 /* MultiplyTests.xctest */,
			);
			name = Products;
			sourceTree = "<group>";
		};
		CC139B4A19DA021800DEDDB1 /* Multiply */ = {
			isa = PBXGroup;
			children = (
				CC139B4F19DA021800DEDDB1 /* AppDelegate.h */,
				CC139B5019DA021800DEDDB1 /* AppDelegate.m */,
				CC139B5219DA021800DEDDB1 /* ViewController.h */,
				CC139B5319DA021800DEDDB1 /* ViewController.m */,
				CC139B5519DA021800DEDDB1 /* Main.storyboard */,
				CC139B5819DA021800DEDDB1 /* Images.xcassets */,
				CC139B5A19DA021800DEDDB1 /* LaunchScreen.xib */,
				CC139B7319DA057400DEDDB1 /* CheckMate.framework */,
				CC139B4B19DA021800DEDDB1 /* Supporting Files */,
			);
			path = Multiply;
			sourceTree = "<group>";
		};
		CC139B4B19DA021800DEDDB1 /* Supporting Files */ = {
			isa = PBXGroup;
			children = (
				CC139B4C19DA021800DEDDB1 /* Info.plist */,
				CC139B4D19DA021800DEDDB1 /* main.m */,
			);
			name = "Supporting Files";
			sourceTree = "<group>";
		};
		CC139B6419DA021800DEDDB1 /* MultiplyTests */ = {
			isa = PBXGroup;
			children = (
				CC139B6719DA021800DEDDB1 /* MultiplyTests.m */,
				CC139B6519DA021800DEDDB1 /* Supporting Files */,
			);
			path = MultiplyTests;
			sourceTree = "<group>";
		};
		CC139B6519DA021800DEDDB1 /* Supporting Files */ = {
			isa = PBXGroup;
			children = (
				CC139B6619DA021800DEDDB1 /* Info.plist */,
			);
			name = "Supporting Files";
			sourceTree = "<group>";
		};
/* End PBXGroup section */

/* Begin PBXNativeTarget section */
		CC139B4719DA021800DEDDB1 /* Multiply */ = {
			isa = PBXNativeTarget;
			buildConfigurationList = CC139B6B19DA021800DEDDB1 /* Build configuration list for PBXNativeTarget "Multiply" */;
			buildPhases = (
				CC139B4419DA021800DEDDB1 /* Sources */,
				CC139B4519DA021800DEDDB1 /* Frameworks */,
				CC139B4619DA021800DEDDB1 /* Resources */,
			);
			buildRules = (
			);
			dependencies = (
			);
			name = Multiply;
			productName = Multiply;
			productReference = CC139B4819DA021800DEDDB1 /* Multiply.app */;
			productType = "com.apple.product-type.application";
		};
		CC139B6019DA021800DEDDB1 /* MultiplyTests */ = {
			isa = PBXNativeTarget;
			buildConfigurationList = CC139B6E19DA021800DEDDB1 /* Build configuration list for PBXNativeTarget "MultiplyTests" */;
			buildPhases = (
				CC139B5D19DA021800DEDDB1 /* Sources */,
				CC139B5E19DA021800DEDDB1 /* Frameworks */,
				CC139B5F19DA021800DEDDB1 /* Resources */,
			);
			buildRules = (
			);
			dependencies = (
				CC139B6319DA021800DEDDB1 /* PBXTargetDependency */,
			);
			name = MultiplyTests;
			productName = MultiplyTests;
			productReference = CC139B6119DA021800DEDDB1 /* MultiplyTests.xctest */;
			productType = "com.apple.product-type.bundle.unit-test";
		};
/* End PBXNativeTarget section */

/* Begin PBXProject section */
		CC139B4019DA021800DEDDB1 /* Project object */ = {
			isa = PBXProject;
			attributes = {
				LastUpgradeCheck = 0600;
				ORGANIZATIONNAME = "MIKE LAND";
				TargetAttributes = {
					CC139B4719DA021800DEDDB1 = {
						CreatedOnToolsVersion = 6.0.1;
					};
					CC139B6019DA021800DEDDB1 = {
						CreatedOnToolsVersion = 6.0.1;
						TestTargetID = CC139B4719DA021800DEDDB1;
					};
				};
			};
			buildConfigurationList = CC139B4319DA021800DEDDB1 /* Build configuration list for PBXProject "Multiply" */;
			compatibilityVersion = "Xcode 3.2";
			developmentRegion = English;
			hasScannedForEncodings = 0;
			knownRegions = (
				en,
				Base,
			);
			mainGroup = CC139B3F19DA021800DEDDB1;
			productRefGroup = CC139B4919DA021800DEDDB1 /* Products */;
			projectDirPath = "";
			projectRoot = "";
			targets = (
				CC139B4719DA021800DEDDB1 /* Multiply */,
				CC139B6019DA021800DEDDB1 /* MultiplyTests */,
			);
		};
/* End PBXProject section */

/* Begin PBXResourcesBuildPhase section */
		CC139B4619DA021800DEDDB1 /* Resources */ = {
			isa = PBXResourcesBuildPhase;
			buildActionMask = 2147483647;
			files = (
				CC139B5719DA021800DEDDB1 /* Main.storyboard in Resources */,
				CC139B5C19DA021800DEDDB1 /* LaunchScreen.xib in Resources */,
				CC139B5919DA021800DEDDB1 /* Images.xcassets in Resources */,
			);
			runOnlyForDeploymentPostprocessing = 0;
		};
		CC139B5F19DA021800DEDDB1 /* Resources */ = {
			isa = PBXResourcesBuildPhase;
			buildActionMask = 2147483647;
			files = (
			);
			runOnlyForDeploymentPostprocessing = 0;
		};
/* End PBXResourcesBuildPhase section */

/* Begin PBXSourcesBuildPhase section */
		CC139B4419DA021800DEDDB1 /* Sources */ = {
			isa = PBXSourcesBuildPhase;
			buildActionMask = 2147483647;
			files = (
				CC139B5419DA021800DEDDB1 /* ViewController.m in Sources */,
				CC139B5119DA021800DEDDB1 /* AppDelegate.m in Sources */,
				CC139B4E19DA021800DEDDB1 /* main.m in Sources */,
			);
			runOnlyForDeploymentPostprocessing = 0;
		};
		CC139B5D19DA021800DEDDB1 /* Sources */ = {
			isa = PBXSourcesBuildPhase;
			buildActionMask = 2147483647;
			files = (
				CC139B6819DA021800DEDDB1 /* MultiplyTests.m in Sources */,
			);
			runOnlyForDeploymentPostprocessing = 0;
		};
/* End PBXSourcesBuildPhase section */

/* Begin PBXTargetDependency section */
		CC139B6319DA021800DEDDB1 /* PBXTargetDependency */ = {
			isa = PBXTargetDependency;
			target = CC139B4719DA021800DEDDB1 /* Multiply */;
			targetProxy = CC139B6219DA021800DEDDB1 /* PBXContainerItemProxy */;
		};
/* End PBXTargetDependency section */

/* Begin PBXVariantGroup section */
		CC139B5519DA021800DEDDB1 /* Main.storyboard */ = {
			isa = PBXVariantGroup;
			children = (
				CC139B5619DA021800DEDDB1 /* Base */,
			);
			name = Main.storyboard;
			sourceTree = "<group>";
		};
		CC139B5A19DA021800DEDDB1 /* LaunchScreen.xib */ = {
			isa = PBXVariantGroup;
			children = (
				CC139B5B19DA021800DEDDB1 /* Base */,
			);
			name = LaunchScreen.xib;
			sourceTree = "<group>";
		};
/* End PBXVariantGroup section */

/* Begin XCBuildConfiguration section */
		CC139B6919DA021800DEDDB1 /* Debug */ = {
			isa = XCBuildConfiguration;
			buildSettings = {
				ALWAYS_SEARCH_USER_PATHS = NO;
				CLANG_CXX_LANGUAGE_STANDARD = "gnu++0x";
				CLANG_CXX_LIBRARY = "libc++";
				CLANG_ENABLE_MODULES = YES;
				CLANG_ENABLE_OBJC_ARC = YES;
				CLANG_WARN_BOOL_CONVERSION = YES;
				CLANG_WARN_CONSTANT_CONVERSION = YES;
				CLANG_WARN_DIRECT_OBJC_ISA_USAGE = YES_ERROR;
				CLANG_WARN_EMPTY_BODY = YES;
				CLANG_WARN_ENUM_CONVERSION = YES;
				CLANG_WARN_INT_CONVERSION = YES;
				CLANG_WARN_OBJC_ROOT_CLASS = YES_ERROR;
				CLANG_WARN_UNREACHABLE_CODE = YES;
				CLANG_WARN__DUPLICATE_METHOD_MATCH = YES;
				"CODE_SIGN_IDENTITY[sdk=iphoneos*]" = "iPhone Developer";
				COPY_PHASE_STRIP = NO;
				ENABLE_STRICT_OBJC_MSGSEND = YES;
				GCC_C_LANGUAGE_STANDARD = gnu99;
				GCC_DYNAMIC_NO_PIC = NO;
				GCC_OPTIMIZATION_LEVEL = 0;
				GCC_PREPROCESSOR_DEFINITIONS = (
					"DEBUG=1",
					"$(inherited)",
				);
				GCC_SYMBOLS_PRIVATE_EXTERN = NO;
				GCC_WARN_64_TO_32_BIT_CONVERSION = YES;
				GCC_WARN_ABOUT_RETURN_TYPE = YES_ERROR;
				GCC_WARN_UNDECLARED_SELECTOR = YES;
				GCC_WARN_UNINITIALIZED_AUTOS = YES_AGGRESSIVE;
				GCC_WARN_UNUSED_FUNCTION = YES;
				GCC_WARN_UNUSED_VARIABLE = YES;
				IPHONEOS_DEPLOYMENT_TARGET = 8.0;
				MTL_ENABLE_DEBUG_INFO = YES;
				ONLY_ACTIVE_ARCH = YES;
				SDKROOT = iphoneos;
			};
			name = Debug;
		};
		CC139B6A19DA021800DEDDB1 /* Release */ = {
			isa = XCBuildConfiguration;
			buildSettings = {
				ALWAYS_SEARCH_USER_PATHS = NO;
				CLANG_CXX_LANGUAGE_STANDARD = "gnu++0x";
				CLANG_CXX_LIBRARY = "libc++";
				CLANG_ENABLE_MODULES = YES;
				CLANG_ENABLE_OBJC_ARC = YES;
				CLANG_WARN_BOOL_CONVERSION = YES;
				CLANG_WARN_CONSTANT_CONVERSION = YES;
				CLANG_WARN_DIRECT_OBJC_ISA_USAGE = YES_ERROR;
				CLANG_WARN_EMPTY_BODY = YES;
				CLANG_WARN_ENUM_CONVERSION = YES;
				CLANG_WARN_INT_CONVERSION = YES;
				CLANG_WARN_OBJC_ROOT_CLASS = YES_ERROR;
				CLANG_WARN_UNREACHABLE_CODE = YES;
				CLANG_WARN__DUPLICATE_METHOD_MATCH = YES;
				"CODE_SIGN_IDENTITY[sdk=iphoneos*]" = "iPhone Developer";
				COPY_PHASE_STRIP = YES;
				ENABLE_NS_ASSERTIONS = NO;
				ENABLE_STRICT_OBJC_MSGSEND = YES;
				GCC_C_LANGUAGE_STANDARD = gnu99;
				GCC_WARN_64_TO_32_BIT_CONVERSION = YES;
				GCC_WARN_ABOUT_RETURN_TYPE = YES_ERROR;
				GCC_WARN_UNDECLARED_SELECTOR = YES;
				GCC_WARN_UNINITIALIZED_AUTOS = YES_AGGRESSIVE;
				GCC_WARN_UNUSED_FUNCTION = YES;
				GCC_WARN_UNUSED_VARIABLE = YES;
				IPHONEOS_DEPLOYMENT_TARGET = 8.0;
				MTL_ENABLE_DEBUG_INFO = NO;
				SDKROOT = iphoneos;
				VALIDATE_PRODUCT = YES;
			};
			name = Release;
		};
		CC139B6C19DA021800DEDDB1 /* Debug */ = {
			isa = XCBuildConfiguration;
			buildSettings = {
				ASSETCATALOG_COMPILER_APPICON_NAME = AppIcon;
				FRAMEWORK_SEARCH_PATHS = (
					"$(inherited)",
					"$(PROJECT_DIR)/Multiply",
				);
				INFOPLIST_FILE = Multiply/Info.plist;
				LD_RUNPATH_SEARCH_PATHS = "$(inherited) @executable_path/Frameworks";
				PRODUCT_NAME = "$(TARGET_NAME)";
			};
			name = Debug;
		};
		CC139B6D19DA021800DEDDB1 /* Release */ = {
			isa = XCBuildConfiguration;
			buildSettings = {
				ASSETCATALOG_COMPILER_APPICON_NAME = AppIcon;
				FRAMEWORK_SEARCH_PATHS = (
					"$(inherited)",
					"$(PROJECT_DIR)/Multiply",
				);
				INFOPLIST_FILE = Multiply/Info.plist;
				LD_RUNPATH_SEARCH_PATHS = "$(inherited) @executable_path/Frameworks";
				PRODUCT_NAME = "$(TARGET_NAME)";
			};
			name = Release;
		};
		CC139B6F19DA021800DEDDB1 /* Debug */ = {
			isa = XCBuildConfiguration;
			buildSettings = {
				BUNDLE_LOADER = "$(TEST_HOST)";
				FRAMEWORK_SEARCH_PATHS = (
					"$(SDKROOT)/Developer/Library/Frameworks",
					"$(inherited)",
				);
				GCC_PREPROCESSOR_DEFINITIONS = (
					"DEBUG=1",
					"$(inherited)",
				);
				INFOPLIST_FILE = MultiplyTests/Info.plist;
				LD_RUNPATH_SEARCH_PATHS = "$(inherited) @executable_path/Frameworks @loader_path/Frameworks";
				PRODUCT_NAME = "$(TARGET_NAME)";
				TEST_HOST = "$(BUILT_PRODUCTS_DIR)/Multiply.app/Multiply";
			};
			name = Debug;
		};
		CC139B7019DA021800DEDDB1 /* Release */ = {
			isa = XCBuildConfiguration;
			buildSettings = {
				BUNDLE_LOADER = "$(TEST_HOST)";
				FRAMEWORK_SEARCH_PATHS = (
					"$(SDKROOT)/Developer/Library/Frameworks",
					"$(inherited)",
				);
				INFOPLIST_FILE = MultiplyTests/Info.plist;
				LD_RUNPATH_SEARCH_PATHS = "$(inherited) @executable_path/Frameworks @loader_path/Frameworks";
				PRODUCT_NAME = "$(TARGET_NAME)";
				TEST_HOST = "$(BUILT_PRODUCTS_DIR)/Multiply.app/Multiply";
			};
			name = Release;
		};
/* End XCBuildConfiguration section */

/* Begin XCConfigurationList section */
		CC139B4319DA021800DEDDB1 /* Build configuration list for PBXProject "Multiply" */ = {
			isa = XCConfigurationList;
			buildConfigurations = (
				CC139B6919DA021800DEDDB1 /* Debug */,
				CC139B6A19DA021800DEDDB1 /* Release */,
			);
			defaultConfigurationIsVisible = 0;
			defaultConfigurationName = Release;
		};
		CC139B6B19DA021800DEDDB1 /* Build configuration list for PBXNativeTarget "Multiply" */ = {
			isa = XCConfigurationList;
			buildConfigurations = (
				CC139B6C19DA021800DEDDB1 /* Debug */,
				CC139B6D19DA021800DEDDB1 /* Release */,
			);
			defaultConfigurationIsVisible = 0;
		};
		CC139B6E19DA021800DEDDB1 /* Build configuration list for PBXNativeTarget "MultiplyTests" */ = {
			isa = XCConfigurationList;
			buildConfigurations = (
				CC139B6F19DA021800DEDDB1 /* Debug */,
				CC139B7019DA021800DEDDB1 /* Release */,
			);
			defaultConfigurationIsVisible = 0;
		};
/* End XCConfigurationList section */
	};
	rootObject = CC139B4019DA021800DEDDB1 /* Project object */;
}
